
Microsoft Visual Studio Solution File, Format Version 12.00
# Visual Studio Version 17
VisualStudioVersion = 17.10.35013.160
MinimumVisualStudioVersion = 10.0.40219.1
Project("{2150E333-8FDC-42A3-9474-1A3956D46DE8}") = "src", "src", "{60F39B14-DAC0-494D-BA77-6258CBE0DEA8}"
EndProject
Project("{9A19103F-16F7-4668-BE54-9A1E7A4F7556}") = "EpiTracker.Domain", "EpiTracker.Domain\EpiTracker.Domain.csproj", "{FE7F9D87-8BB7-4AB0-9AFD-5B2A420A0443}"
EndProject
Project("{9A19103F-16F7-4668-BE54-9A1E7A4F7556}") = "EpiTracker.Application", "EpiTracker.Application\EpiTracker.Application.csproj", "{9176FC7D-CAEE-497C-9F9E-7B6627831D22}"
EndProject
Project("{9A19103F-16F7-4668-BE54-9A1E7A4F7556}") = "EpiTracker.Infrastructure", "EpiTracker.Infrastructure\EpiTracker.Infrastructure.csproj", "{36E6C768-3E34-4F30-8983-93107FA89CDE}"
EndProject
Project("{2150E333-8FDC-42A3-9474-1A3956D46DE8}") = "Client", "Client", "{D3138F26-97D4-4A6E-9CF3-1F9318E19CF5}"
EndProject
Project("{9A19103F-16F7-4668-BE54-9A1E7A4F7556}") = "EpiTracker.Aspire.AppHost", "EpiTracker.Aspire\EpiTracker.Aspire.AppHost\EpiTracker.Aspire.AppHost.csproj", "{D575ED50-9E7C-4ABB-9004-C91B5AFB3264}"
EndProject
Project("{9A19103F-16F7-4668-BE54-9A1E7A4F7556}") = "EpiTracker.Aspire.ServiceDefaults", "EpiTracker.Aspire\EpiTracker.Aspire.ServiceDefaults\EpiTracker.Aspire.ServiceDefaults.csproj", "{1EC2C07C-46F9-473F-BEB7-66E9898DA173}"
EndProject
Project("{9A19103F-16F7-4668-BE54-9A1E7A4F7556}") = "EpiTracker.Aspire.ApiService", "EpiTracker.Aspire\EpiTracker.Aspire.ApiService\EpiTracker.Aspire.ApiService.csproj", "{52A656BE-7EB2-4052-A07F-388E82F1B391}"
EndProject
Project("{9A19103F-16F7-4668-BE54-9A1E7A4F7556}") = "EpiTracker.Aspire.Web", "EpiTracker.Aspire\EpiTracker.Aspire.Web\EpiTracker.Aspire.Web.csproj", "{9AF36607-38CB-4589-804B-DD36BA21969A}"
EndProject
Global
	GlobalSection(SolutionConfigurationPlatforms) = preSolution
		Debug|Any CPU = Debug|Any CPU
		Release|Any CPU = Release|Any CPU
	EndGlobalSection
	GlobalSection(ProjectConfigurationPlatforms) = postSolution
		{FE7F9D87-8BB7-4AB0-9AFD-5B2A420A0443}.Debug|Any CPU.ActiveCfg = Debug|Any CPU
		{FE7F9D87-8BB7-4AB0-9AFD-5B2A420A0443}.Debug|Any CPU.Build.0 = Debug|Any CPU
		{FE7F9D87-8BB7-4AB0-9AFD-5B2A420A0443}.Release|Any CPU.ActiveCfg = Release|Any CPU
		{FE7F9D87-8BB7-4AB0-9AFD-5B2A420A0443}.Release|Any CPU.Build.0 = Release|Any CPU
		{9176FC7D-CAEE-497C-9F9E-7B6627831D22}.Debug|Any CPU.ActiveCfg = Debug|Any CPU
		{9176FC7D-CAEE-497C-9F9E-7B6627831D22}.Debug|Any CPU.Build.0 = Debug|Any CPU
		{9176FC7D-CAEE-497C-9F9E-7B6627831D22}.Release|Any CPU.ActiveCfg = Release|Any CPU
		{9176FC7D-CAEE-497C-9F9E-7B6627831D22}.Release|Any CPU.Build.0 = Release|Any CPU
		{36E6C768-3E34-4F30-8983-93107FA89CDE}.Debug|Any CPU.ActiveCfg = Debug|Any CPU
		{36E6C768-3E34-4F30-8983-93107FA89CDE}.Debug|Any CPU.Build.0 = Debug|Any CPU
		{36E6C768-3E34-4F30-8983-93107FA89CDE}.Release|Any CPU.ActiveCfg = Release|Any CPU
		{36E6C768-3E34-4F30-8983-93107FA89CDE}.Release|Any CPU.Build.0 = Release|Any CPU
		{D575ED50-9E7C-4ABB-9004-C91B5AFB3264}.Debug|Any CPU.ActiveCfg = Debug|Any CPU
		{D575ED50-9E7C-4ABB-9004-C91B5AFB3264}.Debug|Any CPU.Build.0 = Debug|Any CPU
		{D575ED50-9E7C-4ABB-9004-C91B5AFB3264}.Release|Any CPU.ActiveCfg = Release|Any CPU
		{D575ED50-9E7C-4ABB-9004-C91B5AFB3264}.Release|Any CPU.Build.0 = Release|Any CPU
		{1EC2C07C-46F9-473F-BEB7-66E9898DA173}.Debug|Any CPU.ActiveCfg = Debug|Any CPU
		{1EC2C07C-46F9-473F-BEB7-66E9898DA173}.Debug|Any CPU.Build.0 = Debug|Any CPU
		{1EC2C07C-46F9-473F-BEB7-66E9898DA173}.Release|Any CPU.ActiveCfg = Release|Any CPU
		{1EC2C07C-46F9-473F-BEB7-66E9898DA173}.Release|Any CPU.Build.0 = Release|Any CPU
		{52A656BE-7EB2-4052-A07F-388E82F1B391}.Debug|Any CPU.ActiveCfg = Debug|Any CPU
		{52A656BE-7EB2-4052-A07F-388E82F1B391}.Debug|Any CPU.Build.0 = Debug|Any CPU
		{52A656BE-7EB2-4052-A07F-388E82F1B391}.Release|Any CPU.ActiveCfg = Release|Any CPU
		{52A656BE-7EB2-4052-A07F-388E82F1B391}.Release|Any CPU.Build.0 = Release|Any CPU
		{9AF36607-38CB-4589-804B-DD36BA21969A}.Debug|Any CPU.ActiveCfg = Debug|Any CPU
		{9AF36607-38CB-4589-804B-DD36BA21969A}.Debug|Any CPU.Build.0 = Debug|Any CPU
		{9AF36607-38CB-4589-804B-DD36BA21969A}.Release|Any CPU.ActiveCfg = Release|Any CPU
		{9AF36607-38CB-4589-804B-DD36BA21969A}.Release|Any CPU.Build.0 = Release|Any CPU
	EndGlobalSection
	GlobalSection(SolutionProperties) = preSolution
		HideSolutionNode = FALSE
	EndGlobalSection
	GlobalSection(NestedProjects) = preSolution
		{FE7F9D87-8BB7-4AB0-9AFD-5B2A420A0443} = {60F39B14-DAC0-494D-BA77-6258CBE0DEA8}
		{9176FC7D-CAEE-497C-9F9E-7B6627831D22} = {60F39B14-DAC0-494D-BA77-6258CBE0DEA8}
		{36E6C768-3E34-4F30-8983-93107FA89CDE} = {60F39B14-DAC0-494D-BA77-6258CBE0DEA8}
		{D3138F26-97D4-4A6E-9CF3-1F9318E19CF5} = {60F39B14-DAC0-494D-BA77-6258CBE0DEA8}
		{D575ED50-9E7C-4ABB-9004-C91B5AFB3264} = {D3138F26-97D4-4A6E-9CF3-1F9318E19CF5}
		{1EC2C07C-46F9-473F-BEB7-66E9898DA173} = {D3138F26-97D4-4A6E-9CF3-1F9318E19CF5}
		{52A656BE-7EB2-4052-A07F-388E82F1B391} = {D3138F26-97D4-4A6E-9CF3-1F9318E19CF5}
		{9AF36607-38CB-4589-804B-DD36BA21969A} = {D3138F26-97D4-4A6E-9CF3-1F9318E19CF5}
	EndGlobalSection
	GlobalSection(ExtensibilityGlobals) = postSolution
		SolutionGuid = {F77A6338-CC67-488C-9F54-1E229C9C8E14}
	EndGlobalSection
EndGlobal
